// !$*UTF8*$!
{
	archiveVersion = 1;
	classes = {
	};
	objectVersion = 56;
	objects = {

/* Begin PBXBuildFile section */
		FD4EB1162A8A791E004BAA93 /* Second.storyboard in Resources */ = {isa = PBXBuildFile; fileRef = FD4EB1152A8A791E004BAA93 /* Second.storyboard */; };
		FD4EB1192A8B9B94004BAA93 /* DetailVC.swift in Sources */ = {isa = PBXBuildFile; fileRef = FD4EB1182A8B9B94004BAA93 /* DetailVC.swift */; };
		FD4EB11C2A8BC193004BAA93 /* Detail.storyboard in Resources */ = {isa = PBXBuildFile; fileRef = FD4EB11B2A8BC193004BAA93 /* Detail.storyboard */; };
		FD4EB11E2A8BE137004BAA93 /* SecondViewModel.swift in Sources */ = {isa = PBXBuildFile; fileRef = FD4EB11D2A8BE137004BAA93 /* SecondViewModel.swift */; };
		FD5655682A8A3E58003AC0FD /* AppDelegate.swift in Sources */ = {isa = PBXBuildFile; fileRef = FD5655672A8A3E58003AC0FD /* AppDelegate.swift */; };
		FD56556A2A8A3E58003AC0FD /* SceneDelegate.swift in Sources */ = {isa = PBXBuildFile; fileRef = FD5655692A8A3E58003AC0FD /* SceneDelegate.swift */; };
		FD5655712A8A3E59003AC0FD /* Assets.xcassets in Resources */ = {isa = PBXBuildFile; fileRef = FD5655702A8A3E59003AC0FD /* Assets.xcassets */; };
		FD56557F2A8A3ECA003AC0FD /* HomeVC.swift in Sources */ = {isa = PBXBuildFile; fileRef = FD56557E2A8A3ECA003AC0FD /* HomeVC.swift */; };
		FD5655812A8A3EE2003AC0FD /* HomeViewModel.swift in Sources */ = {isa = PBXBuildFile; fileRef = FD5655802A8A3EE2003AC0FD /* HomeViewModel.swift */; };
		FD5655842A8A3F15003AC0FD /* Home.storyboard in Resources */ = {isa = PBXBuildFile; fileRef = FD5655832A8A3F15003AC0FD /* Home.storyboard */; };
		FD5655872A8A4031003AC0FD /* NavController.swift in Sources */ = {isa = PBXBuildFile; fileRef = FD5655862A8A4031003AC0FD /* NavController.swift */; };
		FD5655892A8A423D003AC0FD /* SecondVC.swift in Sources */ = {isa = PBXBuildFile; fileRef = FD5655882A8A423D003AC0FD /* SecondVC.swift */; };
		FD56558D2A8A4C4C003AC0FD /* HomeCell.swift in Sources */ = {isa = PBXBuildFile; fileRef = FD56558B2A8A4C4C003AC0FD /* HomeCell.swift */; };
		FD56558E2A8A4C4C003AC0FD /* HomeCell.xib in Resources */ = {isa = PBXBuildFile; fileRef = FD56558C2A8A4C4C003AC0FD /* HomeCell.xib */; };
		FD5655912A8A50D0003AC0FD /* Petition.swift in Sources */ = {isa = PBXBuildFile; fileRef = FD5655902A8A50D0003AC0FD /* Petition.swift */; };
		FD5655952A8A5156003AC0FD /* NetworkManager.swift in Sources */ = {isa = PBXBuildFile; fileRef = FD5655942A8A5156003AC0FD /* NetworkManager.swift */; };
		FD5655982A8A5331003AC0FD /* Service.swift in Sources */ = {isa = PBXBuildFile; fileRef = FD5655972A8A5331003AC0FD /* Service.swift */; };
		FD56559A2A8A536F003AC0FD /* ApiUrls.swift in Sources */ = {isa = PBXBuildFile; fileRef = FD5655992A8A536F003AC0FD /* ApiUrls.swift */; };
/* End PBXBuildFile section */

/* Begin PBXFileReference section */
		FD4EB1152A8A791E004BAA93 /* Second.storyboard */ = {isa = PBXFileReference; lastKnownFileType = file.storyboard; path = Second.storyboard; sourceTree = "<group>"; };
		FD4EB1182A8B9B94004BAA93 /* DetailVC.swift */ = {isa = PBXFileReference; lastKnownFileType = sourcecode.swift; path = DetailVC.swift; sourceTree = "<group>"; };
		FD4EB11B2A8BC193004BAA93 /* Detail.storyboard */ = {isa = PBXFileReference; lastKnownFileType = file.storyboard; path = Detail.storyboard; sourceTree = "<group>"; };
		FD4EB11D2A8BE137004BAA93 /* SecondViewModel.swift */ = {isa = PBXFileReference; lastKnownFileType = sourcecode.swift; path = SecondViewModel.swift; sourceTree = "<group>"; };
		FD5655642A8A3E58003AC0FD /* MVVM-WhitehousePetition-HackingWithSwift.app */ = {isa = PBXFileReference; explicitFileType = wrapper.application; includeInIndex = 0; path = "MVVM-WhitehousePetition-HackingWithSwift.app"; sourceTree = BUILT_PRODUCTS_DIR; };
		FD5655672A8A3E58003AC0FD /* AppDelegate.swift */ = {isa = PBXFileReference; lastKnownFileType = sourcecode.swift; path = AppDelegate.swift; sourceTree = "<group>"; };
		FD5655692A8A3E58003AC0FD /* SceneDelegate.swift */ = {isa = PBXFileReference; lastKnownFileType = sourcecode.swift; path = SceneDelegate.swift; sourceTree = "<group>"; };
		FD5655702A8A3E59003AC0FD /* Assets.xcassets */ = {isa = PBXFileReference; lastKnownFileType = folder.assetcatalog; path = Assets.xcassets; sourceTree = "<group>"; };
		FD5655752A8A3E59003AC0FD /* Info.plist */ = {isa = PBXFileReference; lastKnownFileType = text.plist.xml; path = Info.plist; sourceTree = "<group>"; };
		FD56557E2A8A3ECA003AC0FD /* HomeVC.swift */ = {isa = PBXFileReference; lastKnownFileType = sourcecode.swift; path = HomeVC.swift; sourceTree = "<group>"; };
		FD5655802A8A3EE2003AC0FD /* HomeViewModel.swift */ = {isa = PBXFileReference; lastKnownFileType = sourcecode.swift; path = HomeViewModel.swift; sourceTree = "<group>"; };
		FD5655832A8A3F15003AC0FD /* Home.storyboard */ = {isa = PBXFileReference; lastKnownFileType = file.storyboard; path = Home.storyboard; sourceTree = "<group>"; };
		FD5655862A8A4031003AC0FD /* NavController.swift */ = {isa = PBXFileReference; lastKnownFileType = sourcecode.swift; path = NavController.swift; sourceTree = "<group>"; };
		FD5655882A8A423D003AC0FD /* SecondVC.swift */ = {isa = PBXFileReference; lastKnownFileType = sourcecode.swift; path = SecondVC.swift; sourceTree = "<group>"; };
		FD56558B2A8A4C4C003AC0FD /* HomeCell.swift */ = {isa = PBXFileReference; lastKnownFileType = sourcecode.swift; path = HomeCell.swift; sourceTree = "<group>"; };
		FD56558C2A8A4C4C003AC0FD /* HomeCell.xib */ = {isa = PBXFileReference; lastKnownFileType = file.xib; path = HomeCell.xib; sourceTree = "<group>"; };
		FD5655902A8A50D0003AC0FD /* Petition.swift */ = {isa = PBXFileReference; lastKnownFileType = sourcecode.swift; path = Petition.swift; sourceTree = "<group>"; };
		FD5655942A8A5156003AC0FD /* NetworkManager.swift */ = {isa = PBXFileReference; lastKnownFileType = sourcecode.swift; path = NetworkManager.swift; sourceTree = "<group>"; };
		FD5655972A8A5331003AC0FD /* Service.swift */ = {isa = PBXFileReference; lastKnownFileType = sourcecode.swift; path = Service.swift; sourceTree = "<group>"; };
		FD5655992A8A536F003AC0FD /* ApiUrls.swift */ = {isa = PBXFileReference; lastKnownFileType = sourcecode.swift; path = ApiUrls.swift; sourceTree = "<group>"; };
/* End PBXFileReference section */

/* Begin PBXFrameworksBuildPhase section */
		FD5655612A8A3E58003AC0FD /* Frameworks */ = {
			isa = PBXFrameworksBuildPhase;
			buildActionMask = 2147483647;
			files = (
			);
			runOnlyForDeploymentPostprocessing = 0;
		};
/* End PBXFrameworksBuildPhase section */

/* Begin PBXGroup section */
		FD4EB1172A8B9B79004BAA93 /* DetailVC */ = {
			isa = PBXGroup;
			children = (
				FD4EB1182A8B9B94004BAA93 /* DetailVC.swift */,
				FD4EB11B2A8BC193004BAA93 /* Detail.storyboard */,
			);
			path = DetailVC;
			sourceTree = "<group>";
		};
		FD56555B2A8A3E58003AC0FD = {
			isa = PBXGroup;
			children = (
				FD5655662A8A3E58003AC0FD /* MVVM-WhitehousePetition-HackingWithSwift */,
				FD5655652A8A3E58003AC0FD /* Products */,
			);
			sourceTree = "<group>";
		};
		FD5655652A8A3E58003AC0FD /* Products */ = {
			isa = PBXGroup;
			children = (
				FD5655642A8A3E58003AC0FD /* MVVM-WhitehousePetition-HackingWithSwift.app */,
			);
			name = Products;
			sourceTree = "<group>";
		};
		FD5655662A8A3E58003AC0FD /* MVVM-WhitehousePetition-HackingWithSwift */ = {
			isa = PBXGroup;
			children = (
				FD5655962A8A52B2003AC0FD /* Service */,
				FD5655922A8A513A003AC0FD /* Utilities */,
				FD56558F2A8A508F003AC0FD /* Model */,
				FD56557B2A8A3E98003AC0FD /* Core */,
				FD5655672A8A3E58003AC0FD /* AppDelegate.swift */,
				FD5655692A8A3E58003AC0FD /* SceneDelegate.swift */,
				FD5655702A8A3E59003AC0FD /* Assets.xcassets */,
				FD5655752A8A3E59003AC0FD /* Info.plist */,
			);
			path = "MVVM-WhitehousePetition-HackingWithSwift";
			sourceTree = "<group>";
		};
		FD56557B2A8A3E98003AC0FD /* Core */ = {
			isa = PBXGroup;
			children = (
				FD4EB1172A8B9B79004BAA93 /* DetailVC */,
				FD5655852A8A4006003AC0FD /* NavigationController */,
				FD56557D2A8A3EAD003AC0FD /* SecondVC */,
				FD56557C2A8A3E9F003AC0FD /* HomeVC */,
			);
			path = Core;
			sourceTree = "<group>";
		};
		FD56557C2A8A3E9F003AC0FD /* HomeVC */ = {
			isa = PBXGroup;
			children = (
				FD56558A2A8A4C28003AC0FD /* HomeCell */,
				FD56557E2A8A3ECA003AC0FD /* HomeVC.swift */,
				FD5655802A8A3EE2003AC0FD /* HomeViewModel.swift */,
				FD5655832A8A3F15003AC0FD /* Home.storyboard */,
			);
			path = HomeVC;
			sourceTree = "<group>";
		};
		FD56557D2A8A3EAD003AC0FD /* SecondVC */ = {
			isa = PBXGroup;
			children = (
				FD5655882A8A423D003AC0FD /* SecondVC.swift */,
				FD4EB11D2A8BE137004BAA93 /* SecondViewModel.swift */,
				FD4EB1152A8A791E004BAA93 /* Second.storyboard */,
			);
			path = SecondVC;
			sourceTree = "<group>";
		};
		FD5655852A8A4006003AC0FD /* NavigationController */ = {
			isa = PBXGroup;
			children = (
				FD5655862A8A4031003AC0FD /* NavController.swift */,
			);
			path = NavigationController;
			sourceTree = "<group>";
		};
		FD56558A2A8A4C28003AC0FD /* HomeCell */ = {
			isa = PBXGroup;
			children = (
				FD56558B2A8A4C4C003AC0FD /* HomeCell.swift */,
				FD56558C2A8A4C4C003AC0FD /* HomeCell.xib */,
			);
			path = HomeCell;
			sourceTree = "<group>";
		};
		FD56558F2A8A508F003AC0FD /* Model */ = {
			isa = PBXGroup;
			children = (
				FD5655902A8A50D0003AC0FD /* Petition.swift */,
			);
			path = Model;
			sourceTree = "<group>";
		};
		FD5655922A8A513A003AC0FD /* Utilities */ = {
			isa = PBXGroup;
			children = (
				FD5655942A8A5156003AC0FD /* NetworkManager.swift */,
				FD5655992A8A536F003AC0FD /* ApiUrls.swift */,
			);
			path = Utilities;
			sourceTree = "<group>";
		};
		FD5655962A8A52B2003AC0FD /* Service */ = {
			isa = PBXGroup;
			children = (
				FD5655972A8A5331003AC0FD /* Service.swift */,
			);
			path = Service;
			sourceTree = "<group>";
		};
/* End PBXGroup section */

/* Begin PBXNativeTarget section */
		FD5655632A8A3E58003AC0FD /* MVVM-WhitehousePetition-HackingWithSwift */ = {
			isa = PBXNativeTarget;
			buildConfigurationList = FD5655782A8A3E59003AC0FD /* Build configuration list for PBXNativeTarget "MVVM-WhitehousePetition-HackingWithSwift" */;
			buildPhases = (
				FD5655602A8A3E58003AC0FD /* Sources */,
				FD5655612A8A3E58003AC0FD /* Frameworks */,
				FD5655622A8A3E58003AC0FD /* Resources */,
			);
			buildRules = (
			);
			dependencies = (
			);
			name = "MVVM-WhitehousePetition-HackingWithSwift";
			productName = "MVVM-WhitehousePetition-HackingWithSwift";
			productReference = FD5655642A8A3E58003AC0FD /* MVVM-WhitehousePetition-HackingWithSwift.app */;
			productType = "com.apple.product-type.application";
		};
/* End PBXNativeTarget section */

/* Begin PBXProject section */
		FD56555C2A8A3E58003AC0FD /* Project object */ = {
			isa = PBXProject;
			attributes = {
				BuildIndependentTargetsInParallel = 1;
				LastSwiftUpdateCheck = 1430;
				LastUpgradeCheck = 1430;
				TargetAttributes = {
					FD5655632A8A3E58003AC0FD = {
						CreatedOnToolsVersion = 14.3;
					};
				};
			};
			buildConfigurationList = FD56555F2A8A3E58003AC0FD /* Build configuration list for PBXProject "MVVM-WhitehousePetition-HackingWithSwift" */;
			compatibilityVersion = "Xcode 14.0";
			developmentRegion = en;
			hasScannedForEncodings = 0;
			knownRegions = (
				en,
				Base,
			);
			mainGroup = FD56555B2A8A3E58003AC0FD;
			productRefGroup = FD5655652A8A3E58003AC0FD /* Products */;
			projectDirPath = "";
			projectRoot = "";
			targets = (
				FD5655632A8A3E58003AC0FD /* MVVM-WhitehousePetition-HackingWithSwift */,
			);
		};
/* End PBXProject section */

/* Begin PBXResourcesBuildPhase section */
		FD5655622A8A3E58003AC0FD /* Resources */ = {
			isa = PBXResourcesBuildPhase;
			buildActionMask = 2147483647;
			files = (
				FD4EB1162A8A791E004BAA93 /* Second.storyboard in Resources */,
				FD5655712A8A3E59003AC0FD /* Assets.xcassets in Resources */,
				FD56558E2A8A4C4C003AC0FD /* HomeCell.xib in Resources */,
				FD4EB11C2A8BC193004BAA93 /* Detail.storyboard in Resources */,
				FD5655842A8A3F15003AC0FD /* Home.storyboard in Resources */,
			);
			runOnlyForDeploymentPostprocessing = 0;
		};
/* End PBXResourcesBuildPhase section */

/* Begin PBXSourcesBuildPhase section */
		FD5655602A8A3E58003AC0FD /* Sources */ = {
			isa = PBXSourcesBuildPhase;
			buildActionMask = 2147483647;
			files = (
				FD5655952A8A5156003AC0FD /* NetworkManager.swift in Sources */,
				FD5655872A8A4031003AC0FD /* NavController.swift in Sources */,
				FD56558D2A8A4C4C003AC0FD /* HomeCell.swift in Sources */,
				FD56557F2A8A3ECA003AC0FD /* HomeVC.swift in Sources */,
				FD5655682A8A3E58003AC0FD /* AppDelegate.swift in Sources */,
				FD4EB1192A8B9B94004BAA93 /* DetailVC.swift in Sources */,
				FD4EB11E2A8BE137004BAA93 /* SecondViewModel.swift in Sources */,
				FD56556A2A8A3E58003AC0FD /* SceneDelegate.swift in Sources */,
				FD56559A2A8A536F003AC0FD /* ApiUrls.swift in Sources */,
				FD5655912A8A50D0003AC0FD /* Petition.swift in Sources */,
				FD5655982A8A5331003AC0FD /* Service.swift in Sources */,
				FD5655892A8A423D003AC0FD /* SecondVC.swift in Sources */,
				FD5655812A8A3EE2003AC0FD /* HomeViewModel.swift in Sources */,
			);
			runOnlyForDeploymentPostprocessing = 0;
		};
/* End PBXSourcesBuildPhase section */

/* Begin XCBuildConfiguration section */
		FD5655762A8A3E59003AC0FD /* Debug */ = {
			isa = XCBuildConfiguration;
			buildSettings = {
				ALWAYS_SEARCH_USER_PATHS = NO;
				CLANG_ANALYZER_NONNULL = YES;
				CLANG_ANALYZER_NUMBER_OBJECT_CONVERSION = YES_AGGRESSIVE;
				CLANG_CXX_LANGUAGE_STANDARD = "gnu++20";
				CLANG_ENABLE_MODULES = YES;
				CLANG_ENABLE_OBJC_ARC = YES;
				CLANG_ENABLE_OBJC_WEAK = YES;
				CLANG_WARN_BLOCK_CAPTURE_AUTORELEASING = YES;
				CLANG_WARN_BOOL_CONVERSION = YES;
				CLANG_WARN_COMMA = YES;
				CLANG_WARN_CONSTANT_CONVERSION = YES;
				CLANG_WARN_DEPRECATED_OBJC_IMPLEMENTATIONS = YES;
				CLANG_WARN_DIRECT_OBJC_ISA_USAGE = YES_ERROR;
				CLANG_WARN_DOCUMENTATION_COMMENTS = YES;
				CLANG_WARN_EMPTY_BODY = YES;
				CLANG_WARN_ENUM_CONVERSION = YES;
				CLANG_WARN_INFINITE_RECURSION = YES;
				CLANG_WARN_INT_CONVERSION = YES;
				CLANG_WARN_NON_LITERAL_NULL_CONVERSION = YES;
				CLANG_WARN_OBJC_IMPLICIT_RETAIN_SELF = YES;
				CLANG_WARN_OBJC_LITERAL_CONVERSION = YES;
				CLANG_WARN_OBJC_ROOT_CLASS = YES_ERROR;
				CLANG_WARN_QUOTED_INCLUDE_IN_FRAMEWORK_HEADER = YES;
				CLANG_WARN_RANGE_LOOP_ANALYSIS = YES;
				CLANG_WARN_STRICT_PROTOTYPES = YES;
				CLANG_WARN_SUSPICIOUS_MOVE = YES;
				CLANG_WARN_UNGUARDED_AVAILABILITY = YES_AGGRESSIVE;
				CLANG_WARN_UNREACHABLE_CODE = YES;
				CLANG_WARN__DUPLICATE_METHOD_MATCH = YES;
				COPY_PHASE_STRIP = NO;
				DEBUG_INFORMATION_FORMAT = dwarf;
				ENABLE_STRICT_OBJC_MSGSEND = YES;
				ENABLE_TESTABILITY = YES;
				GCC_C_LANGUAGE_STANDARD = gnu11;
				GCC_DYNAMIC_NO_PIC = NO;
				GCC_NO_COMMON_BLOCKS = YES;
				GCC_OPTIMIZATION_LEVEL = 0;
				GCC_PREPROCESSOR_DEFINITIONS = (
					"DEBUG=1",
					"$(inherited)",
				);
				GCC_WARN_64_TO_32_BIT_CONVERSION = YES;
				GCC_WARN_ABOUT_RETURN_TYPE = YES_ERROR;
				GCC_WARN_UNDECLARED_SELECTOR = YES;
				GCC_WARN_UNINITIALIZED_AUTOS = YES_AGGRESSIVE;
				GCC_WARN_UNUSED_FUNCTION = YES;
				GCC_WARN_UNUSED_VARIABLE = YES;
				IPHONEOS_DEPLOYMENT_TARGET = 16.4;
				MTL_ENABLE_DEBUG_INFO = INCLUDE_SOURCE;
				MTL_FAST_MATH = YES;
				ONLY_ACTIVE_ARCH = YES;
				SDKROOT = iphoneos;
				SWIFT_ACTIVE_COMPILATION_CONDITIONS = DEBUG;
				SWIFT_OPTIMIZATION_LEVEL = "-Onone";
			};
			name = Debug;
		};
		FD5655772A8A3E59003AC0FD /* Release */ = {
			isa = XCBuildConfiguration;
			buildSettings = {
				ALWAYS_SEARCH_USER_PATHS = NO;
				CLANG_ANALYZER_NONNULL = YES;
				CLANG_ANALYZER_NUMBER_OBJECT_CONVERSION = YES_AGGRESSIVE;
				CLANG_CXX_LANGUAGE_STANDARD = "gnu++20";
				CLANG_ENABLE_MODULES = YES;
				CLANG_ENABLE_OBJC_ARC = YES;
				CLANG_ENABLE_OBJC_WEAK = YES;
				CLANG_WARN_BLOCK_CAPTURE_AUTORELEASING = YES;
				CLANG_WARN_BOOL_CONVERSION = YES;
				CLANG_WARN_COMMA = YES;
				CLANG_WARN_CONSTANT_CONVERSION = YES;
				CLANG_WARN_DEPRECATED_OBJC_IMPLEMENTATIONS = YES;
				CLANG_WARN_DIRECT_OBJC_ISA_USAGE = YES_ERROR;
				CLANG_WARN_DOCUMENTATION_COMMENTS = YES;
				CLANG_WARN_EMPTY_BODY = YES;
				CLANG_WARN_ENUM_CONVERSION = YES;
				CLANG_WARN_INFINITE_RECURSION = YES;
				CLANG_WARN_INT_CONVERSION = YES;
				CLANG_WARN_NON_LITERAL_NULL_CONVERSION = YES;
				CLANG_WARN_OBJC_IMPLICIT_RETAIN_SELF = YES;
				CLANG_WARN_OBJC_LITERAL_CONVERSION = YES;
				CLANG_WARN_OBJC_ROOT_CLASS = YES_ERROR;
				CLANG_WARN_QUOTED_INCLUDE_IN_FRAMEWORK_HEADER = YES;
				CLANG_WARN_RANGE_LOOP_ANALYSIS = YES;
				CLANG_WARN_STRICT_PROTOTYPES = YES;
				CLANG_WARN_SUSPICIOUS_MOVE = YES;
				CLANG_WARN_UNGUARDED_AVAILABILITY = YES_AGGRESSIVE;
				CLANG_WARN_UNREACHABLE_CODE = YES;
				CLANG_WARN__DUPLICATE_METHOD_MATCH = YES;
				COPY_PHASE_STRIP = NO;
				DEBUG_INFORMATION_FORMAT = "dwarf-with-dsym";
				ENABLE_NS_ASSERTIONS = NO;
				ENABLE_STRICT_OBJC_MSGSEND = YES;
				GCC_C_LANGUAGE_STANDARD = gnu11;
				GCC_NO_COMMON_BLOCKS = YES;
				GCC_WARN_64_TO_32_BIT_CONVERSION = YES;
				GCC_WARN_ABOUT_RETURN_TYPE = YES_ERROR;
				GCC_WARN_UNDECLARED_SELECTOR = YES;
				GCC_WARN_UNINITIALIZED_AUTOS = YES_AGGRESSIVE;
				GCC_WARN_UNUSED_FUNCTION = YES;
				GCC_WARN_UNUSED_VARIABLE = YES;
				IPHONEOS_DEPLOYMENT_TARGET = 16.4;
				MTL_ENABLE_DEBUG_INFO = NO;
				MTL_FAST_MATH = YES;
				SDKROOT = iphoneos;
				SWIFT_COMPILATION_MODE = wholemodule;
				SWIFT_OPTIMIZATION_LEVEL = "-O";
				VALIDATE_PRODUCT = YES;
			};
			name = Release;
		};
		FD5655792A8A3E59003AC0FD /* Debug */ = {
			isa = XCBuildConfiguration;
			buildSettings = {
				ASSETCATALOG_COMPILER_APPICON_NAME = AppIcon;
				ASSETCATALOG_COMPILER_GLOBAL_ACCENT_COLOR_NAME = AccentColor;
				CODE_SIGN_STYLE = Automatic;
				CURRENT_PROJECT_VERSION = 1;
				DEVELOPMENT_TEAM = JHL6MZS5FG;
				GENERATE_INFOPLIST_FILE = YES;
				INFOPLIST_FILE = "MVVM-WhitehousePetition-HackingWithSwift/Info.plist";
				INFOPLIST_KEY_UIApplicationSupportsIndirectInputEvents = YES;
				INFOPLIST_KEY_UILaunchStoryboardName = LaunchScreen;
				INFOPLIST_KEY_UISupportedInterfaceOrientations_iPad = "UIInterfaceOrientationPortrait UIInterfaceOrientationPortraitUpsideDown UIInterfaceOrientationLandscapeLeft UIInterfaceOrientationLandscapeRight";
				INFOPLIST_KEY_UISupportedInterfaceOrientations_iPhone = "UIInterfaceOrientationPortrait UIInterfaceOrientationLandscapeLeft UIInterfaceOrientationLandscapeRight";
				LD_RUNPATH_SEARCH_PATHS = (
					"$(inherited)",
					"@executable_path/Frameworks",
				);
				MARKETING_VERSION = 1.0;
				PRODUCT_BUNDLE_IDENTIFIER = "mert.MVVM-WhitehousePetition-HackingWithSwift";
				PRODUCT_NAME = "$(TARGET_NAME)";
				SWIFT_EMIT_LOC_STRINGS = YES;
				SWIFT_VERSION = 5.0;
				TARGETED_DEVICE_FAMILY = "1,2";
			};
			name = Debug;
		};
		FD56557A2A8A3E59003AC0FD /* Release */ = {
			isa = XCBuildConfiguration;
			buildSettings = {
				ASSETCATALOG_COMPILER_APPICON_NAME = AppIcon;
				ASSETCATALOG_COMPILER_GLOBAL_ACCENT_COLOR_NAME = AccentColor;
				CODE_SIGN_STYLE = Automatic;
				CURRENT_PROJECT_VERSION = 1;
				DEVELOPMENT_TEAM = JHL6MZS5FG;
				GENERATE_INFOPLIST_FILE = YES;
				INFOPLIST_FILE = "MVVM-WhitehousePetition-HackingWithSwift/Info.plist";
				INFOPLIST_KEY_UIApplicationSupportsIndirectInputEvents = YES;
				INFOPLIST_KEY_UILaunchStoryboardName = LaunchScreen;
				INFOPLIST_KEY_UISupportedInterfaceOrientations_iPad = "UIInterfaceOrientationPortrait UIInterfaceOrientationPortraitUpsideDown UIInterfaceOrientationLandscapeLeft UIInterfaceOrientationLandscapeRight";
				INFOPLIST_KEY_UISupportedInterfaceOrientations_iPhone = "UIInterfaceOrientationPortrait UIInterfaceOrientationLandscapeLeft UIInterfaceOrientationLandscapeRight";
				LD_RUNPATH_SEARCH_PATHS = (
					"$(inherited)",
					"@executable_path/Frameworks",
				);
				MARKETING_VERSION = 1.0;
				PRODUCT_BUNDLE_IDENTIFIER = "mert.MVVM-WhitehousePetition-HackingWithSwift";
				PRODUCT_NAME = "$(TARGET_NAME)";
				SWIFT_EMIT_LOC_STRINGS = YES;
				SWIFT_VERSION = 5.0;
				TARGETED_DEVICE_FAMILY = "1,2";
			};
			name = Release;
		};
/* End XCBuildConfiguration section */

/* Begin XCConfigurationList section */
		FD56555F2A8A3E58003AC0FD /* Build configuration list for PBXProject "MVVM-WhitehousePetition-HackingWithSwift" */ = {
			isa = XCConfigurationList;
			buildConfigurations = (
				FD5655762A8A3E59003AC0FD /* Debug */,
				FD5655772A8A3E59003AC0FD /* Release */,
			);
			defaultConfigurationIsVisible = 0;
			defaultConfigurationName = Release;
		};
		FD5655782A8A3E59003AC0FD /* Build configuration list for PBXNativeTarget "MVVM-WhitehousePetition-HackingWithSwift" */ = {
			isa = XCConfigurationList;
			buildConfigurations = (
				FD5655792A8A3E59003AC0FD /* Debug */,
				FD56557A2A8A3E59003AC0FD /* Release */,
			);
			defaultConfigurationIsVisible = 0;
			defaultConfigurationName = Release;
		};
/* End XCConfigurationList section */
	};
	rootObject = FD56555C2A8A3E58003AC0FD /* Project object */;
}
